
Microsoft Visual Studio Solution File, Format Version 12.00
# Visual Studio Version 16
VisualStudioVersion = 16.0.31911.196
MinimumVisualStudioVersion = 10.0.40219.1
Project("{FAE04EC0-301F-11D3-BF4B-00C04F79EFBC}") = "InternetCafe", "InternetCafe\InternetCafe.csproj", "{3335DC3A-7874-4EE6-AD39-09A2C511623A}"
EndProject
Global
	GlobalSection(SolutionConfigurationPlatforms) = preSolution
		Debug|Any CPU = Debug|Any CPU
		Release|Any CPU = Release|Any CPU
	EndGlobalSection
	GlobalSection(ProjectConfigurationPlatforms) = postSolution
		{3335DC3A-7874-4EE6-AD39-09A2C511623A}.Debug|Any CPU.ActiveCfg = Debug|Any CPU
		{3335DC3A-7874-4EE6-AD39-09A2C511623A}.Debug|Any CPU.Build.0 = Debug|Any CPU
		{3335DC3A-7874-4EE6-AD39-09A2C511623A}.Release|Any CPU.ActiveCfg = Release|Any CPU
		{3335DC3A-7874-4EE6-AD39-09A2C511623A}.Release|Any CPU.Build.0 = Release|Any CPU
	EndGlobalSection
	GlobalSection(SolutionProperties) = preSolution
		HideSolutionNode = FALSE
	EndGlobalSection
	GlobalSection(ExtensibilityGlobals) = postSolution
		SolutionGuid = {96FA722D-5141-4B15-89F6-22A188FA56C8}
	EndGlobalSection
EndGlobal
